
Microsoft Visual Studio Solution File, Format Version 12.00
# Visual Studio Version 17
VisualStudioVersion = 17.7.34031.279
MinimumVisualStudioVersion = 10.0.40219.1
Project("{9A19103F-16F7-4668-BE54-9A1E7A4F7556}") = "pizza_mama", "pizza_mama\pizza_mama.csproj", "{6E7701E9-BFCD-482F-95F8-F4B1C4CB2660}"
EndProject
Global
	GlobalSection(SolutionConfigurationPlatforms) = preSolution
		Debug|Any CPU = Debug|Any CPU
		Release|Any CPU = Release|Any CPU
	EndGlobalSection
	GlobalSection(ProjectConfigurationPlatforms) = postSolution
		{6E7701E9-BFCD-482F-95F8-F4B1C4CB2660}.Debug|Any CPU.ActiveCfg = Debug|Any CPU
		{6E7701E9-BFCD-482F-95F8-F4B1C4CB2660}.Debug|Any CPU.Build.0 = Debug|Any CPU
		{6E7701E9-BFCD-482F-95F8-F4B1C4CB2660}.Release|Any CPU.ActiveCfg = Release|Any CPU
		{6E7701E9-BFCD-482F-95F8-F4B1C4CB2660}.Release|Any CPU.Build.0 = Release|Any CPU
	EndGlobalSection
	GlobalSection(SolutionProperties) = preSolution
		HideSolutionNode = FALSE
	EndGlobalSection
	GlobalSection(ExtensibilityGlobals) = postSolution
		SolutionGuid = {F32F6B74-7DEB-42F0-A404-D0D84F19818C}
	EndGlobalSection
EndGlobal
